
Microsoft Visual Studio Solution File, Format Version 12.00
# Visual Studio Version 16
VisualStudioVersion = 16.0.29403.142
MinimumVisualStudioVersion = 10.0.40219.1
Project("{FAE04EC0-301F-11D3-BF4B-00C04F79EFBC}") = "MicrosotTutorialAsp", "MicrosotTutorialAsp\MicrosotTutorialAsp.csproj", "{BE90786B-1F4F-4E8B-9872-F4F39B096A13}"
EndProject
Global
	GlobalSection(SolutionConfigurationPlatforms) = preSolution
		Debug|Any CPU = Debug|Any CPU
		Release|Any CPU = Release|Any CPU
	EndGlobalSection
	GlobalSection(ProjectConfigurationPlatforms) = postSolution
		{BE90786B-1F4F-4E8B-9872-F4F39B096A13}.Debug|Any CPU.ActiveCfg = Debug|Any CPU
		{BE90786B-1F4F-4E8B-9872-F4F39B096A13}.Debug|Any CPU.Build.0 = Debug|Any CPU
		{BE90786B-1F4F-4E8B-9872-F4F39B096A13}.Release|Any CPU.ActiveCfg = Release|Any CPU
		{BE90786B-1F4F-4E8B-9872-F4F39B096A13}.Release|Any CPU.Build.0 = Release|Any CPU
	EndGlobalSection
	GlobalSection(SolutionProperties) = preSolution
		HideSolutionNode = FALSE
	EndGlobalSection
	GlobalSection(ExtensibilityGlobals) = postSolution
		SolutionGuid = {982F6608-F7E7-4BCB-916D-CD8C58598D6E}
	EndGlobalSection
EndGlobal
